
Microsoft Visual Studio Solution File, Format Version 12.00
# Visual Studio 15
VisualStudioVersion = 15.0.26430.14
MinimumVisualStudioVersion = 10.0.40219.1
Project("{FAE04EC0-301F-11D3-BF4B-00C04F79EFBC}") = "prjRemax", "prjRemax\prjRemax.csproj", "{A4CD5C92-8942-4D7B-9C15-E531C525A109}"
EndProject
Project("{FAE04EC0-301F-11D3-BF4B-00C04F79EFBC}") = "Business", "Business\Business.csproj", "{89877DC7-3C54-4578-8522-35B25FAD2B0A}"
EndProject
Project("{FAE04EC0-301F-11D3-BF4B-00C04F79EFBC}") = "Dataaccess", "Dataaccess\Dataaccess.csproj", "{AFCD4509-D59C-47DA-83EB-57148FBE92C0}"
EndProject
Global
	GlobalSection(SolutionConfigurationPlatforms) = preSolution
		Debug|Any CPU = Debug|Any CPU
		Release|Any CPU = Release|Any CPU
	EndGlobalSection
	GlobalSection(ProjectConfigurationPlatforms) = postSolution
		{A4CD5C92-8942-4D7B-9C15-E531C525A109}.Debug|Any CPU.ActiveCfg = Debug|Any CPU
		{A4CD5C92-8942-4D7B-9C15-E531C525A109}.Debug|Any CPU.Build.0 = Debug|Any CPU
		{A4CD5C92-8942-4D7B-9C15-E531C525A109}.Release|Any CPU.ActiveCfg = Release|Any CPU
		{A4CD5C92-8942-4D7B-9C15-E531C525A109}.Release|Any CPU.Build.0 = Release|Any CPU
		{89877DC7-3C54-4578-8522-35B25FAD2B0A}.Debug|Any CPU.ActiveCfg = Debug|Any CPU
		{89877DC7-3C54-4578-8522-35B25FAD2B0A}.Debug|Any CPU.Build.0 = Debug|Any CPU
		{89877DC7-3C54-4578-8522-35B25FAD2B0A}.Release|Any CPU.ActiveCfg = Release|Any CPU
		{89877DC7-3C54-4578-8522-35B25FAD2B0A}.Release|Any CPU.Build.0 = Release|Any CPU
		{AFCD4509-D59C-47DA-83EB-57148FBE92C0}.Debug|Any CPU.ActiveCfg = Debug|Any CPU
		{AFCD4509-D59C-47DA-83EB-57148FBE92C0}.Debug|Any CPU.Build.0 = Debug|Any CPU
		{AFCD4509-D59C-47DA-83EB-57148FBE92C0}.Release|Any CPU.ActiveCfg = Release|Any CPU
		{AFCD4509-D59C-47DA-83EB-57148FBE92C0}.Release|Any CPU.Build.0 = Release|Any CPU
	EndGlobalSection
	GlobalSection(SolutionProperties) = preSolution
		HideSolutionNode = FALSE
	EndGlobalSection
EndGlobal
